// !$*UTF8*$!
{
	archiveVersion = 1;
	classes = {
	};
	objectVersion = 46;
	objects = {

/* Begin PBXBuildFile section */
		B503FADF1AFDC71700F90881 /* ListObserverDemoViewController.swift in Sources */ = {isa = PBXBuildFile; fileRef = B503FADB1AFDC71700F90881 /* ListObserverDemoViewController.swift */; };
		B503FAE01AFDC71700F90881 /* ObjectObserverDemoViewController.swift in Sources */ = {isa = PBXBuildFile; fileRef = B503FADC1AFDC71700F90881 /* ObjectObserverDemoViewController.swift */; };
		B503FAE11AFDC71700F90881 /* Palette.swift in Sources */ = {isa = PBXBuildFile; fileRef = B503FADD1AFDC71700F90881 /* Palette.swift */; };
		B503FAE21AFDC71700F90881 /* PaletteTableViewCell.swift in Sources */ = {isa = PBXBuildFile; fileRef = B503FADE1AFDC71700F90881 /* PaletteTableViewCell.swift */; };
		B5125C121B521B78003A42C7 /* OrganismV2ToV3.xcmappingmodel in Sources */ = {isa = PBXBuildFile; fileRef = B5125C111B521B78003A42C7 /* OrganismV2ToV3.xcmappingmodel */; };
		B52977D91B120B80003D50A5 /* ObserversViewController.swift in Sources */ = {isa = PBXBuildFile; fileRef = B52977D81B120B80003D50A5 /* ObserversViewController.swift */; };
		B52977DD1B120F3B003D50A5 /* TransactionsDemoViewController.swift in Sources */ = {isa = PBXBuildFile; fileRef = B52977DC1B120F3B003D50A5 /* TransactionsDemoViewController.swift */; };
		B52977DF1B120F83003D50A5 /* MapKit.framework in Frameworks */ = {isa = PBXBuildFile; fileRef = B52977DE1B120F83003D50A5 /* MapKit.framework */; };
		B52977E11B120F8A003D50A5 /* CoreLocation.framework in Frameworks */ = {isa = PBXBuildFile; fileRef = B52977E01B120F8A003D50A5 /* CoreLocation.framework */; };
		B52977E41B121635003D50A5 /* Place.swift in Sources */ = {isa = PBXBuildFile; fileRef = B52977E31B121635003D50A5 /* Place.swift */; };
		B54AAD4F1AF4D26E00848AE0 /* AppDelegate.swift in Sources */ = {isa = PBXBuildFile; fileRef = B54AAD4E1AF4D26E00848AE0 /* AppDelegate.swift */; };
		B54AAD521AF4D26E00848AE0 /* CoreStoreDemo.xcdatamodeld in Sources */ = {isa = PBXBuildFile; fileRef = B54AAD501AF4D26E00848AE0 /* CoreStoreDemo.xcdatamodeld */; };
		B54AAD591AF4D26E00848AE0 /* Main.storyboard in Resources */ = {isa = PBXBuildFile; fileRef = B54AAD571AF4D26E00848AE0 /* Main.storyboard */; };
		B54AAD5B1AF4D26E00848AE0 /* Images.xcassets in Resources */ = {isa = PBXBuildFile; fileRef = B54AAD5A1AF4D26E00848AE0 /* Images.xcassets */; };
		B54AAD5E1AF4D26E00848AE0 /* LaunchScreen.xib in Resources */ = {isa = PBXBuildFile; fileRef = B54AAD5C1AF4D26E00848AE0 /* LaunchScreen.xib */; };
		B560070F1B3EC90F00A9A8F9 /* OrganismV2ToV3MigrationPolicy.swift in Sources */ = {isa = PBXBuildFile; fileRef = B560070E1B3EC90F00A9A8F9 /* OrganismV2ToV3MigrationPolicy.swift */; };
		B566E32A1B117B1F00F4F0C6 /* StackSetupDemoViewController.swift in Sources */ = {isa = PBXBuildFile; fileRef = B566E3291B117B1F00F4F0C6 /* StackSetupDemoViewController.swift */; };
		B566E3321B11DF3200F4F0C6 /* UserAccount.swift in Sources */ = {isa = PBXBuildFile; fileRef = B566E3311B11DF3200F4F0C6 /* UserAccount.swift */; };
		B56964C91B20AC780075EE4A /* CustomLoggerViewController.swift in Sources */ = {isa = PBXBuildFile; fileRef = B56964C81B20AC780075EE4A /* CustomLoggerViewController.swift */; };
		B56964D71B231AE90075EE4A /* StackSetupDemo.xcdatamodeld in Sources */ = {isa = PBXBuildFile; fileRef = B56964D51B231AE90075EE4A /* StackSetupDemo.xcdatamodeld */; };
		B56964DA1B231BCA0075EE4A /* MaleAccount.swift in Sources */ = {isa = PBXBuildFile; fileRef = B56964D91B231BCA0075EE4A /* MaleAccount.swift */; };
		B56964DC1B231BCB0075EE4A /* FemaleAccount.swift in Sources */ = {isa = PBXBuildFile; fileRef = B56964DB1B231BCB0075EE4A /* FemaleAccount.swift */; };
		B569650C1B2B36E10075EE4A /* FetchingAndQueryingDemoViewController.swift in Sources */ = {isa = PBXBuildFile; fileRef = B569650B1B2B36E10075EE4A /* FetchingAndQueryingDemoViewController.swift */; };
		B56965181B2E20CC0075EE4A /* TimeZone.swift in Sources */ = {isa = PBXBuildFile; fileRef = B56965171B2E20CC0075EE4A /* TimeZone.swift */; };
		B569651A1B30888A0075EE4A /* FetchingResultsViewController.swift in Sources */ = {isa = PBXBuildFile; fileRef = B56965191B30888A0075EE4A /* FetchingResultsViewController.swift */; };
		B569651C1B30889A0075EE4A /* QueryingResultsViewController.swift in Sources */ = {isa = PBXBuildFile; fileRef = B569651B1B30889A0075EE4A /* QueryingResultsViewController.swift */; };
		B56965291B3582D30075EE4A /* MigrationDemo.xcdatamodeld in Sources */ = {isa = PBXBuildFile; fileRef = B56965271B3582D30075EE4A /* MigrationDemo.xcdatamodeld */; };
		B5E599321B5240F50084BD5F /* OrganismTableViewCell.swift in Sources */ = {isa = PBXBuildFile; fileRef = B5E599311B5240F50084BD5F /* OrganismTableViewCell.swift */; };
		B5E89AD01C5292A2003B04A9 /* CoreStore.framework in Frameworks */ = {isa = PBXBuildFile; fileRef = B5BDC9211C202429008147CD /* CoreStore.framework */; };
		B5E89AD11C5292A2003B04A9 /* CoreStore.framework in Embed Frameworks */ = {isa = PBXBuildFile; fileRef = B5BDC9211C202429008147CD /* CoreStore.framework */; settings = {ATTRIBUTES = (CodeSignOnCopy, RemoveHeadersOnCopy, ); }; };
		B5EE25851B36E23C0000406B /* OrganismV1.swift in Sources */ = {isa = PBXBuildFile; fileRef = B5EE25841B36E23C0000406B /* OrganismV1.swift */; };
		B5EE25871B36E2520000406B /* OrganismV2.swift in Sources */ = {isa = PBXBuildFile; fileRef = B5EE25861B36E2520000406B /* OrganismV2.swift */; };
		B5EE258C1B36E40D0000406B /* MigrationsDemoViewController.swift in Sources */ = {isa = PBXBuildFile; fileRef = B5EE258B1B36E40D0000406B /* MigrationsDemoViewController.swift */; };
		B5EE259B1B3EA4890000406B /* OrganismV3.swift in Sources */ = {isa = PBXBuildFile; fileRef = B5EE259A1B3EA4890000406B /* OrganismV3.swift */; };
		B5EE259E1B3EC1B20000406B /* OrganismProtocol.swift in Sources */ = {isa = PBXBuildFile; fileRef = B5EE259D1B3EC1B20000406B /* OrganismProtocol.swift */; };
/* End PBXBuildFile section */

/* Begin PBXCopyFilesBuildPhase section */
		B5E89ACF1C52929C003B04A9 /* Embed Frameworks */ = {
			isa = PBXCopyFilesBuildPhase;
			buildActionMask = 2147483647;
			dstPath = "";
			dstSubfolderSpec = 10;
			files = (
				B5E89AD11C5292A2003B04A9 /* CoreStore.framework in Embed Frameworks */,
			);
			name = "Embed Frameworks";
			runOnlyForDeploymentPostprocessing = 0;
		};
/* End PBXCopyFilesBuildPhase section */

/* Begin PBXFileReference section */
		B503FADB1AFDC71700F90881 /* ListObserverDemoViewController.swift */ = {isa = PBXFileReference; fileEncoding = 4; lastKnownFileType = sourcecode.swift; path = ListObserverDemoViewController.swift; sourceTree = "<group>"; };
		B503FADC1AFDC71700F90881 /* ObjectObserverDemoViewController.swift */ = {isa = PBXFileReference; fileEncoding = 4; lastKnownFileType = sourcecode.swift; path = ObjectObserverDemoViewController.swift; sourceTree = "<group>"; };
		B503FADD1AFDC71700F90881 /* Palette.swift */ = {isa = PBXFileReference; fileEncoding = 4; lastKnownFileType = sourcecode.swift; path = Palette.swift; sourceTree = "<group>"; };
		B503FADE1AFDC71700F90881 /* PaletteTableViewCell.swift */ = {isa = PBXFileReference; fileEncoding = 4; lastKnownFileType = sourcecode.swift; path = PaletteTableViewCell.swift; sourceTree = "<group>"; };
		B5125C111B521B78003A42C7 /* OrganismV2ToV3.xcmappingmodel */ = {isa = PBXFileReference; lastKnownFileType = wrapper.xcmappingmodel; path = OrganismV2ToV3.xcmappingmodel; sourceTree = "<group>"; };
		B5125C131B521BA7003A42C7 /* OrganismV3ToV2.xcmappingmodel */ = {isa = PBXFileReference; lastKnownFileType = wrapper.xcmappingmodel; path = OrganismV3ToV2.xcmappingmodel; sourceTree = "<group>"; };
		B52977D81B120B80003D50A5 /* ObserversViewController.swift */ = {isa = PBXFileReference; fileEncoding = 4; lastKnownFileType = sourcecode.swift; path = ObserversViewController.swift; sourceTree = "<group>"; };
		B52977DC1B120F3B003D50A5 /* TransactionsDemoViewController.swift */ = {isa = PBXFileReference; fileEncoding = 4; lastKnownFileType = sourcecode.swift; path = TransactionsDemoViewController.swift; sourceTree = "<group>"; };
		B52977DE1B120F83003D50A5 /* MapKit.framework */ = {isa = PBXFileReference; lastKnownFileType = wrapper.framework; name = MapKit.framework; path = System/Library/Frameworks/MapKit.framework; sourceTree = SDKROOT; };
		B52977E01B120F8A003D50A5 /* CoreLocation.framework */ = {isa = PBXFileReference; lastKnownFileType = wrapper.framework; name = CoreLocation.framework; path = System/Library/Frameworks/CoreLocation.framework; sourceTree = SDKROOT; };
		B52977E31B121635003D50A5 /* Place.swift */ = {isa = PBXFileReference; fileEncoding = 4; lastKnownFileType = sourcecode.swift; path = Place.swift; sourceTree = "<group>"; };
		B54AAD491AF4D26E00848AE0 /* CoreStoreDemo.app */ = {isa = PBXFileReference; explicitFileType = wrapper.application; includeInIndex = 0; path = CoreStoreDemo.app; sourceTree = BUILT_PRODUCTS_DIR; };
		B54AAD4D1AF4D26E00848AE0 /* Info.plist */ = {isa = PBXFileReference; lastKnownFileType = text.plist.xml; path = Info.plist; sourceTree = "<group>"; };
		B54AAD4E1AF4D26E00848AE0 /* AppDelegate.swift */ = {isa = PBXFileReference; lastKnownFileType = sourcecode.swift; path = AppDelegate.swift; sourceTree = "<group>"; };
		B54AAD511AF4D26E00848AE0 /* CoreStoreDemo.xcdatamodel */ = {isa = PBXFileReference; lastKnownFileType = wrapper.xcdatamodel; path = CoreStoreDemo.xcdatamodel; sourceTree = "<group>"; };
		B54AAD581AF4D26E00848AE0 /* Base */ = {isa = PBXFileReference; lastKnownFileType = file.storyboard; name = Base; path = Base.lproj/Main.storyboard; sourceTree = "<group>"; };
		B54AAD5A1AF4D26E00848AE0 /* Images.xcassets */ = {isa = PBXFileReference; lastKnownFileType = folder.assetcatalog; path = Images.xcassets; sourceTree = "<group>"; };
		B54AAD5D1AF4D26E00848AE0 /* Base */ = {isa = PBXFileReference; lastKnownFileType = file.xib; name = Base; path = Base.lproj/LaunchScreen.xib; sourceTree = "<group>"; };
		B560070E1B3EC90F00A9A8F9 /* OrganismV2ToV3MigrationPolicy.swift */ = {isa = PBXFileReference; fileEncoding = 4; lastKnownFileType = sourcecode.swift; path = OrganismV2ToV3MigrationPolicy.swift; sourceTree = "<group>"; };
		B566E3291B117B1F00F4F0C6 /* StackSetupDemoViewController.swift */ = {isa = PBXFileReference; fileEncoding = 4; lastKnownFileType = sourcecode.swift; path = StackSetupDemoViewController.swift; sourceTree = "<group>"; };
		B566E3311B11DF3200F4F0C6 /* UserAccount.swift */ = {isa = PBXFileReference; fileEncoding = 4; lastKnownFileType = sourcecode.swift; path = UserAccount.swift; sourceTree = "<group>"; };
		B56964C81B20AC780075EE4A /* CustomLoggerViewController.swift */ = {isa = PBXFileReference; fileEncoding = 4; lastKnownFileType = sourcecode.swift; path = CustomLoggerViewController.swift; sourceTree = "<group>"; };
		B56964D61B231AE90075EE4A /* StackSetupDemo.xcdatamodel */ = {isa = PBXFileReference; lastKnownFileType = wrapper.xcdatamodel; path = StackSetupDemo.xcdatamodel; sourceTree = "<group>"; };
		B56964D91B231BCA0075EE4A /* MaleAccount.swift */ = {isa = PBXFileReference; fileEncoding = 4; lastKnownFileType = sourcecode.swift; path = MaleAccount.swift; sourceTree = "<group>"; };
		B56964DB1B231BCB0075EE4A /* FemaleAccount.swift */ = {isa = PBXFileReference; fileEncoding = 4; lastKnownFileType = sourcecode.swift; path = FemaleAccount.swift; sourceTree = "<group>"; };
		B569650B1B2B36E10075EE4A /* FetchingAndQueryingDemoViewController.swift */ = {isa = PBXFileReference; fileEncoding = 4; lastKnownFileType = sourcecode.swift; path = FetchingAndQueryingDemoViewController.swift; sourceTree = "<group>"; };
		B56965171B2E20CC0075EE4A /* TimeZone.swift */ = {isa = PBXFileReference; fileEncoding = 4; lastKnownFileType = sourcecode.swift; path = TimeZone.swift; sourceTree = "<group>"; };
		B56965191B30888A0075EE4A /* FetchingResultsViewController.swift */ = {isa = PBXFileReference; fileEncoding = 4; lastKnownFileType = sourcecode.swift; path = FetchingResultsViewController.swift; sourceTree = "<group>"; };
		B569651B1B30889A0075EE4A /* QueryingResultsViewController.swift */ = {isa = PBXFileReference; fileEncoding = 4; lastKnownFileType = sourcecode.swift; path = QueryingResultsViewController.swift; sourceTree = "<group>"; };
		B56965281B3582D30075EE4A /* MigrationDemo.xcdatamodel */ = {isa = PBXFileReference; lastKnownFileType = wrapper.xcdatamodel; path = MigrationDemo.xcdatamodel; sourceTree = "<group>"; };
		B5BDC9211C202429008147CD /* CoreStore.framework */ = {isa = PBXFileReference; explicitFileType = wrapper.framework; path = CoreStore.framework; sourceTree = BUILT_PRODUCTS_DIR; };
		B5E599311B5240F50084BD5F /* OrganismTableViewCell.swift */ = {isa = PBXFileReference; fileEncoding = 4; lastKnownFileType = sourcecode.swift; name = OrganismTableViewCell.swift; path = "CoreStoreDemo/MIgrations Demo/OrganismTableViewCell.swift"; sourceTree = SOURCE_ROOT; };
		B5EE25801B36E1B00000406B /* MigrationDemoV2.xcdatamodel */ = {isa = PBXFileReference; lastKnownFileType = wrapper.xcdatamodel; path = MigrationDemoV2.xcdatamodel; sourceTree = "<group>"; };
		B5EE25841B36E23C0000406B /* OrganismV1.swift */ = {isa = PBXFileReference; fileEncoding = 4; lastKnownFileType = sourcecode.swift; path = OrganismV1.swift; sourceTree = "<group>"; };
		B5EE25861B36E2520000406B /* OrganismV2.swift */ = {isa = PBXFileReference; fileEncoding = 4; lastKnownFileType = sourcecode.swift; path = OrganismV2.swift; sourceTree = "<group>"; };
		B5EE25881B36E2750000406B /* MigrationDemoV3.xcdatamodel */ = {isa = PBXFileReference; lastKnownFileType = wrapper.xcdatamodel; path = MigrationDemoV3.xcdatamodel; sourceTree = "<group>"; };
		B5EE258B1B36E40D0000406B /* MigrationsDemoViewController.swift */ = {isa = PBXFileReference; fileEncoding = 4; lastKnownFileType = sourcecode.swift; path = MigrationsDemoViewController.swift; sourceTree = "<group>"; };
		B5EE259A1B3EA4890000406B /* OrganismV3.swift */ = {isa = PBXFileReference; fileEncoding = 4; lastKnownFileType = sourcecode.swift; path = OrganismV3.swift; sourceTree = "<group>"; };
		B5EE259D1B3EC1B20000406B /* OrganismProtocol.swift */ = {isa = PBXFileReference; fileEncoding = 4; lastKnownFileType = sourcecode.swift; path = OrganismProtocol.swift; sourceTree = "<group>"; };
/* End PBXFileReference section */

/* Begin PBXFrameworksBuildPhase section */
		B54AAD461AF4D26E00848AE0 /* Frameworks */ = {
			isa = PBXFrameworksBuildPhase;
			buildActionMask = 2147483647;
			files = (
				B5E89AD01C5292A2003B04A9 /* CoreStore.framework in Frameworks */,
				B52977E11B120F8A003D50A5 /* CoreLocation.framework in Frameworks */,
				B52977DF1B120F83003D50A5 /* MapKit.framework in Frameworks */,
			);
			runOnlyForDeploymentPostprocessing = 0;
		};
/* End PBXFrameworksBuildPhase section */

/* Begin PBXGroup section */
		B503FADA1AFDC71700F90881 /* List and Object Observers Demo */ = {
			isa = PBXGroup;
			children = (
				B52977D81B120B80003D50A5 /* ObserversViewController.swift */,
				B503FADB1AFDC71700F90881 /* ListObserverDemoViewController.swift */,
				B503FADC1AFDC71700F90881 /* ObjectObserverDemoViewController.swift */,
				B503FADD1AFDC71700F90881 /* Palette.swift */,
				B503FADE1AFDC71700F90881 /* PaletteTableViewCell.swift */,
			);
			path = "List and Object Observers Demo";
			sourceTree = "<group>";
		};
		B52977DB1B120F2C003D50A5 /* Transactions Demo */ = {
			isa = PBXGroup;
			children = (
				B52977E31B121635003D50A5 /* Place.swift */,
				B52977DC1B120F3B003D50A5 /* TransactionsDemoViewController.swift */,
			);
			path = "Transactions Demo";
			sourceTree = "<group>";
		};
		B52977E21B120F90003D50A5 /* Frameworks */ = {
			isa = PBXGroup;
			children = (
				B52977E01B120F8A003D50A5 /* CoreLocation.framework */,
				B5BDC9211C202429008147CD /* CoreStore.framework */,
				B52977DE1B120F83003D50A5 /* MapKit.framework */,
			);
			name = Frameworks;
			sourceTree = "<group>";
		};
		B54AAD401AF4D26E00848AE0 = {
			isa = PBXGroup;
			children = (
				B52977E21B120F90003D50A5 /* Frameworks */,
				B54AAD4B1AF4D26E00848AE0 /* CoreStoreDemo */,
				B54AAD4A1AF4D26E00848AE0 /* Products */,
			);
			sourceTree = "<group>";
		};
		B54AAD4A1AF4D26E00848AE0 /* Products */ = {
			isa = PBXGroup;
			children = (
				B54AAD491AF4D26E00848AE0 /* CoreStoreDemo.app */,
			);
			name = Products;
			sourceTree = "<group>";
		};
		B54AAD4B1AF4D26E00848AE0 /* CoreStoreDemo */ = {
			isa = PBXGroup;
			children = (
				B54AAD4E1AF4D26E00848AE0 /* AppDelegate.swift */,
				B566E3271B117AE700F4F0C6 /* Stack Setup Demo */,
				B503FADA1AFDC71700F90881 /* List and Object Observers Demo */,
				B52977DB1B120F2C003D50A5 /* Transactions Demo */,
				B56965091B2B35370075EE4A /* Fetching and Querying Demo */,
				B569652F1B3591460075EE4A /* Migrations Demo */,
				B56964C61B20AC200075EE4A /* Loggers Demo */,
				B54AAD571AF4D26E00848AE0 /* Main.storyboard */,
				B54AAD5A1AF4D26E00848AE0 /* Images.xcassets */,
				B54AAD5C1AF4D26E00848AE0 /* LaunchScreen.xib */,
				B54AAD501AF4D26E00848AE0 /* CoreStoreDemo.xcdatamodeld */,
				B56964D51B231AE90075EE4A /* StackSetupDemo.xcdatamodeld */,
				B56965271B3582D30075EE4A /* MigrationDemo.xcdatamodeld */,
				B54AAD4C1AF4D26E00848AE0 /* Supporting Files */,
			);
			path = CoreStoreDemo;
			sourceTree = "<group>";
		};
		B54AAD4C1AF4D26E00848AE0 /* Supporting Files */ = {
			isa = PBXGroup;
			children = (
				B54AAD4D1AF4D26E00848AE0 /* Info.plist */,
			);
			name = "Supporting Files";
			sourceTree = "<group>";
		};
		B566E3271B117AE700F4F0C6 /* Stack Setup Demo */ = {
			isa = PBXGroup;
			children = (
				B56964DB1B231BCB0075EE4A /* FemaleAccount.swift */,
				B56964D91B231BCA0075EE4A /* MaleAccount.swift */,
				B566E3311B11DF3200F4F0C6 /* UserAccount.swift */,
				B566E3291B117B1F00F4F0C6 /* StackSetupDemoViewController.swift */,
			);
			path = "Stack Setup Demo";
			sourceTree = "<group>";
		};
		B56964C61B20AC200075EE4A /* Loggers Demo */ = {
			isa = PBXGroup;
			children = (
				B56964C81B20AC780075EE4A /* CustomLoggerViewController.swift */,
			);
			path = "Loggers Demo";
			sourceTree = "<group>";
		};
		B56965091B2B35370075EE4A /* Fetching and Querying Demo */ = {
			isa = PBXGroup;
			children = (
				B56965171B2E20CC0075EE4A /* TimeZone.swift */,
				B569650B1B2B36E10075EE4A /* FetchingAndQueryingDemoViewController.swift */,
				B56965191B30888A0075EE4A /* FetchingResultsViewController.swift */,
				B569651B1B30889A0075EE4A /* QueryingResultsViewController.swift */,
			);
			path = "Fetching and Querying Demo";
			sourceTree = "<group>";
		};
		B569652F1B3591460075EE4A /* Migrations Demo */ = {
			isa = PBXGroup;
			children = (
				B5EE259D1B3EC1B20000406B /* OrganismProtocol.swift */,
				B5EE259A1B3EA4890000406B /* OrganismV3.swift */,
				B5EE25861B36E2520000406B /* OrganismV2.swift */,
				B5EE25841B36E23C0000406B /* OrganismV1.swift */,
				B5EE258B1B36E40D0000406B /* MigrationsDemoViewController.swift */,
				B5E599311B5240F50084BD5F /* OrganismTableViewCell.swift */,
				B5125C111B521B78003A42C7 /* OrganismV2ToV3.xcmappingmodel */,
				B560070E1B3EC90F00A9A8F9 /* OrganismV2ToV3MigrationPolicy.swift */,
				B5125C131B521BA7003A42C7 /* OrganismV3ToV2.xcmappingmodel */,
			);
			path = "Migrations Demo";
			sourceTree = "<group>";
		};
/* End PBXGroup section */

/* Begin PBXNativeTarget section */
		B54AAD481AF4D26E00848AE0 /* CoreStoreDemo */ = {
			isa = PBXNativeTarget;
			buildConfigurationList = B54AAD6D1AF4D26E00848AE0 /* Build configuration list for PBXNativeTarget "CoreStoreDemo" */;
			buildPhases = (
				B54AAD451AF4D26E00848AE0 /* Sources */,
				B54AAD461AF4D26E00848AE0 /* Frameworks */,
				B54AAD471AF4D26E00848AE0 /* Resources */,
				B5E89ACF1C52929C003B04A9 /* Embed Frameworks */,
			);
			buildRules = (
			);
			dependencies = (
			);
			name = CoreStoreDemo;
			productName = CoreStoreDemo;
			productReference = B54AAD491AF4D26E00848AE0 /* CoreStoreDemo.app */;
			productType = "com.apple.product-type.application";
		};
/* End PBXNativeTarget section */

/* Begin PBXProject section */
		B54AAD411AF4D26E00848AE0 /* Project object */ = {
			isa = PBXProject;
			attributes = {
				LastSwiftUpdateCheck = 0700;
				LastUpgradeCheck = 0800;
				ORGANIZATIONNAME = "John Rommel Estropia";
				TargetAttributes = {
					B54AAD481AF4D26E00848AE0 = {
						CreatedOnToolsVersion = 6.3;
						LastSwiftMigration = 0800;
					};
				};
			};
			buildConfigurationList = B54AAD441AF4D26E00848AE0 /* Build configuration list for PBXProject "CoreStoreDemo" */;
			compatibilityVersion = "Xcode 3.2";
			developmentRegion = English;
			hasScannedForEncodings = 0;
			knownRegions = (
				en,
				Base,
			);
			mainGroup = B54AAD401AF4D26E00848AE0;
			productRefGroup = B54AAD4A1AF4D26E00848AE0 /* Products */;
			projectDirPath = "";
			projectRoot = "";
			targets = (
				B54AAD481AF4D26E00848AE0 /* CoreStoreDemo */,
			);
		};
/* End PBXProject section */

/* Begin PBXResourcesBuildPhase section */
		B54AAD471AF4D26E00848AE0 /* Resources */ = {
			isa = PBXResourcesBuildPhase;
			buildActionMask = 2147483647;
			files = (
				B54AAD591AF4D26E00848AE0 /* Main.storyboard in Resources */,
				B54AAD5E1AF4D26E00848AE0 /* LaunchScreen.xib in Resources */,
				B54AAD5B1AF4D26E00848AE0 /* Images.xcassets in Resources */,
			);
			runOnlyForDeploymentPostprocessing = 0;
		};
/* End PBXResourcesBuildPhase section */

/* Begin PBXSourcesBuildPhase section */
		B54AAD451AF4D26E00848AE0 /* Sources */ = {
			isa = PBXSourcesBuildPhase;
			buildActionMask = 2147483647;
			files = (
				B56965181B2E20CC0075EE4A /* TimeZone.swift in Sources */,
				B56965291B3582D30075EE4A /* MigrationDemo.xcdatamodeld in Sources */,
				B5E599321B5240F50084BD5F /* OrganismTableViewCell.swift in Sources */,
				B5EE25851B36E23C0000406B /* OrganismV1.swift in Sources */,
				B52977DD1B120F3B003D50A5 /* TransactionsDemoViewController.swift in Sources */,
				B52977E41B121635003D50A5 /* Place.swift in Sources */,
				B569650C1B2B36E10075EE4A /* FetchingAndQueryingDemoViewController.swift in Sources */,
				B569651A1B30888A0075EE4A /* FetchingResultsViewController.swift in Sources */,
				B5EE25871B36E2520000406B /* OrganismV2.swift in Sources */,
				B503FAE01AFDC71700F90881 /* ObjectObserverDemoViewController.swift in Sources */,
				B52977D91B120B80003D50A5 /* ObserversViewController.swift in Sources */,
				B56964C91B20AC780075EE4A /* CustomLoggerViewController.swift in Sources */,
				B566E32A1B117B1F00F4F0C6 /* StackSetupDemoViewController.swift in Sources */,
				B56964DA1B231BCA0075EE4A /* MaleAccount.swift in Sources */,
				B566E3321B11DF3200F4F0C6 /* UserAccount.swift in Sources */,
				B54AAD521AF4D26E00848AE0 /* CoreStoreDemo.xcdatamodeld in Sources */,
				B5EE259B1B3EA4890000406B /* OrganismV3.swift in Sources */,
				B503FAE11AFDC71700F90881 /* Palette.swift in Sources */,
				B503FAE21AFDC71700F90881 /* PaletteTableViewCell.swift in Sources */,
				B560070F1B3EC90F00A9A8F9 /* OrganismV2ToV3MigrationPolicy.swift in Sources */,
				B503FADF1AFDC71700F90881 /* ListObserverDemoViewController.swift in Sources */,
				B54AAD4F1AF4D26E00848AE0 /* AppDelegate.swift in Sources */,
				B56964D71B231AE90075EE4A /* StackSetupDemo.xcdatamodeld in Sources */,
				B56964DC1B231BCB0075EE4A /* FemaleAccount.swift in Sources */,
				B5EE259E1B3EC1B20000406B /* OrganismProtocol.swift in Sources */,
				B5EE258C1B36E40D0000406B /* MigrationsDemoViewController.swift in Sources */,
				B569651C1B30889A0075EE4A /* QueryingResultsViewController.swift in Sources */,
				B5125C121B521B78003A42C7 /* OrganismV2ToV3.xcmappingmodel in Sources */,
			);
			runOnlyForDeploymentPostprocessing = 0;
		};
/* End PBXSourcesBuildPhase section */

/* Begin PBXVariantGroup section */
		B54AAD571AF4D26E00848AE0 /* Main.storyboard */ = {
			isa = PBXVariantGroup;
			children = (
				B54AAD581AF4D26E00848AE0 /* Base */,
			);
			name = Main.storyboard;
			sourceTree = "<group>";
		};
		B54AAD5C1AF4D26E00848AE0 /* LaunchScreen.xib */ = {
			isa = PBXVariantGroup;
			children = (
				B54AAD5D1AF4D26E00848AE0 /* Base */,
			);
			name = LaunchScreen.xib;
			sourceTree = "<group>";
		};
/* End PBXVariantGroup section */

/* Begin XCBuildConfiguration section */
		B54AAD6B1AF4D26E00848AE0 /* Debug */ = {
			isa = XCBuildConfiguration;
			buildSettings = {
				ALWAYS_SEARCH_USER_PATHS = NO;
				CLANG_CXX_LANGUAGE_STANDARD = "gnu++0x";
				CLANG_CXX_LIBRARY = "libc++";
				CLANG_ENABLE_MODULES = YES;
				CLANG_ENABLE_OBJC_ARC = YES;
				CLANG_WARN_BOOL_CONVERSION = YES;
				CLANG_WARN_CONSTANT_CONVERSION = YES;
				CLANG_WARN_DIRECT_OBJC_ISA_USAGE = YES_ERROR;
				CLANG_WARN_EMPTY_BODY = YES;
				CLANG_WARN_ENUM_CONVERSION = YES;
				CLANG_WARN_INFINITE_RECURSION = YES;
				CLANG_WARN_INT_CONVERSION = YES;
				CLANG_WARN_OBJC_ROOT_CLASS = YES_ERROR;
				CLANG_WARN_SUSPICIOUS_MOVE = YES;
				CLANG_WARN_UNREACHABLE_CODE = YES;
				CLANG_WARN__DUPLICATE_METHOD_MATCH = YES;
				"CODE_SIGN_IDENTITY[sdk=iphoneos*]" = "iPhone Developer";
				COPY_PHASE_STRIP = NO;
				DEBUG_INFORMATION_FORMAT = "dwarf-with-dsym";
				ENABLE_STRICT_OBJC_MSGSEND = YES;
				ENABLE_TESTABILITY = YES;
				GCC_C_LANGUAGE_STANDARD = gnu99;
				GCC_DYNAMIC_NO_PIC = NO;
				GCC_NO_COMMON_BLOCKS = YES;
				GCC_OPTIMIZATION_LEVEL = 0;
				GCC_PREPROCESSOR_DEFINITIONS = (
					"DEBUG=1",
					"$(inherited)",
				);
				GCC_SYMBOLS_PRIVATE_EXTERN = NO;
				GCC_WARN_64_TO_32_BIT_CONVERSION = YES;
				GCC_WARN_ABOUT_RETURN_TYPE = YES_ERROR;
				GCC_WARN_UNDECLARED_SELECTOR = YES;
				GCC_WARN_UNINITIALIZED_AUTOS = YES_AGGRESSIVE;
				GCC_WARN_UNUSED_FUNCTION = YES;
				GCC_WARN_UNUSED_VARIABLE = YES;
				IPHONEOS_DEPLOYMENT_TARGET = 8.0;
				MTL_ENABLE_DEBUG_INFO = YES;
				ONLY_ACTIVE_ARCH = YES;
				SDKROOT = iphoneos;
				SWIFT_OPTIMIZATION_LEVEL = "-Onone";
			};
			name = Debug;
		};
		B54AAD6C1AF4D26E00848AE0 /* Release */ = {
			isa = XCBuildConfiguration;
			buildSettings = {
				ALWAYS_SEARCH_USER_PATHS = NO;
				CLANG_CXX_LANGUAGE_STANDARD = "gnu++0x";
				CLANG_CXX_LIBRARY = "libc++";
				CLANG_ENABLE_MODULES = YES;
				CLANG_ENABLE_OBJC_ARC = YES;
				CLANG_WARN_BOOL_CONVERSION = YES;
				CLANG_WARN_CONSTANT_CONVERSION = YES;
				CLANG_WARN_DIRECT_OBJC_ISA_USAGE = YES_ERROR;
				CLANG_WARN_EMPTY_BODY = YES;
				CLANG_WARN_ENUM_CONVERSION = YES;
				CLANG_WARN_INFINITE_RECURSION = YES;
				CLANG_WARN_INT_CONVERSION = YES;
				CLANG_WARN_OBJC_ROOT_CLASS = YES_ERROR;
				CLANG_WARN_SUSPICIOUS_MOVE = YES;
				CLANG_WARN_UNREACHABLE_CODE = YES;
				CLANG_WARN__DUPLICATE_METHOD_MATCH = YES;
				"CODE_SIGN_IDENTITY[sdk=iphoneos*]" = "iPhone Developer";
				COPY_PHASE_STRIP = NO;
				DEBUG_INFORMATION_FORMAT = "dwarf-with-dsym";
				ENABLE_NS_ASSERTIONS = NO;
				ENABLE_STRICT_OBJC_MSGSEND = YES;
				GCC_C_LANGUAGE_STANDARD = gnu99;
				GCC_NO_COMMON_BLOCKS = YES;
				GCC_WARN_64_TO_32_BIT_CONVERSION = YES;
				GCC_WARN_ABOUT_RETURN_TYPE = YES_ERROR;
				GCC_WARN_UNDECLARED_SELECTOR = YES;
				GCC_WARN_UNINITIALIZED_AUTOS = YES_AGGRESSIVE;
				GCC_WARN_UNUSED_FUNCTION = YES;
				GCC_WARN_UNUSED_VARIABLE = YES;
				IPHONEOS_DEPLOYMENT_TARGET = 8.0;
				MTL_ENABLE_DEBUG_INFO = NO;
				SDKROOT = iphoneos;
				VALIDATE_PRODUCT = YES;
			};
			name = Release;
		};
		B54AAD6E1AF4D26E00848AE0 /* Debug */ = {
			isa = XCBuildConfiguration;
			buildSettings = {
				ASSETCATALOG_COMPILER_APPICON_NAME = AppIcon;
				INFOPLIST_FILE = CoreStoreDemo/Info.plist;
				IPHONEOS_DEPLOYMENT_TARGET = 8.0;
				LD_RUNPATH_SEARCH_PATHS = "$(inherited) @executable_path/Frameworks";
				PRODUCT_BUNDLE_IDENTIFIER = com.johnestropia.corestore.demo;
				PRODUCT_NAME = "$(TARGET_NAME)";
				SWIFT_VERSION = 3.0;
			};
			name = Debug;
		};
		B54AAD6F1AF4D26E00848AE0 /* Release */ = {
			isa = XCBuildConfiguration;
			buildSettings = {
				ASSETCATALOG_COMPILER_APPICON_NAME = AppIcon;
				INFOPLIST_FILE = CoreStoreDemo/Info.plist;
				IPHONEOS_DEPLOYMENT_TARGET = 8.0;
				LD_RUNPATH_SEARCH_PATHS = "$(inherited) @executable_path/Frameworks";
				PRODUCT_BUNDLE_IDENTIFIER = com.johnestropia.corestore.demo;
				PRODUCT_NAME = "$(TARGET_NAME)";
				SWIFT_OPTIMIZATION_LEVEL = "-Owholemodule";
				SWIFT_VERSION = 3.0;
			};
			name = Release;
		};
/* End XCBuildConfiguration section */

/* Begin XCConfigurationList section */
		B54AAD441AF4D26E00848AE0 /* Build configuration list for PBXProject "CoreStoreDemo" */ = {
			isa = XCConfigurationList;
			buildConfigurations = (
				B54AAD6B1AF4D26E00848AE0 /* Debug */,
				B54AAD6C1AF4D26E00848AE0 /* Release */,
			);
			defaultConfigurationIsVisible = 0;
			defaultConfigurationName = Release;
		};
		B54AAD6D1AF4D26E00848AE0 /* Build configuration list for PBXNativeTarget "CoreStoreDemo" */ = {
			isa = XCConfigurationList;
			buildConfigurations = (
				B54AAD6E1AF4D26E00848AE0 /* Debug */,
				B54AAD6F1AF4D26E00848AE0 /* Release */,
			);
			defaultConfigurationIsVisible = 0;
			defaultConfigurationName = Release;
		};
/* End XCConfigurationList section */

/* Begin XCVersionGroup section */
		B54AAD501AF4D26E00848AE0 /* CoreStoreDemo.xcdatamodeld */ = {
			isa = XCVersionGroup;
			children = (
				B54AAD511AF4D26E00848AE0 /* CoreStoreDemo.xcdatamodel */,
			);
			currentVersion = B54AAD511AF4D26E00848AE0 /* CoreStoreDemo.xcdatamodel */;
			path = CoreStoreDemo.xcdatamodeld;
			sourceTree = "<group>";
			versionGroupType = wrapper.xcdatamodel;
		};
		B56964D51B231AE90075EE4A /* StackSetupDemo.xcdatamodeld */ = {
			isa = XCVersionGroup;
			children = (
				B56964D61B231AE90075EE4A /* StackSetupDemo.xcdatamodel */,
			);
			currentVersion = B56964D61B231AE90075EE4A /* StackSetupDemo.xcdatamodel */;
			path = StackSetupDemo.xcdatamodeld;
			sourceTree = "<group>";
			versionGroupType = wrapper.xcdatamodel;
		};
		B56965271B3582D30075EE4A /* MigrationDemo.xcdatamodeld */ = {
			isa = XCVersionGroup;
			children = (
				B5EE25881B36E2750000406B /* MigrationDemoV3.xcdatamodel */,
				B5EE25801B36E1B00000406B /* MigrationDemoV2.xcdatamodel */,
				B56965281B3582D30075EE4A /* MigrationDemo.xcdatamodel */,
			);
			currentVersion = B5EE25881B36E2750000406B /* MigrationDemoV3.xcdatamodel */;
			path = MigrationDemo.xcdatamodeld;
			sourceTree = "<group>";
			versionGroupType = wrapper.xcdatamodel;
		};
/* End XCVersionGroup section */
	};
	rootObject = B54AAD411AF4D26E00848AE0 /* Project object */;
}
